
Microsoft Visual Studio Solution File, Format Version 12.00
# Visual Studio Version 17
VisualStudioVersion = 17.0.32112.339
MinimumVisualStudioVersion = 10.0.40219.1
Project("{FAE04EC0-301F-11D3-BF4B-00C04F79EFBC}") = "WebAppLessonRevengeFromToJavidAsadullayev", "WebAppLessonRevengeFromToJavidAsadullayev\WebAppLessonRevengeFromToJavidAsadullayev.csproj", "{D9C2B02F-43F4-418C-A206-37E4C0DB4481}"
EndProject
Global
	GlobalSection(SolutionConfigurationPlatforms) = preSolution
		Debug|Any CPU = Debug|Any CPU
		Release|Any CPU = Release|Any CPU
	EndGlobalSection
	GlobalSection(ProjectConfigurationPlatforms) = postSolution
		{D9C2B02F-43F4-418C-A206-37E4C0DB4481}.Debug|Any CPU.ActiveCfg = Debug|Any CPU
		{D9C2B02F-43F4-418C-A206-37E4C0DB4481}.Debug|Any CPU.Build.0 = Debug|Any CPU
		{D9C2B02F-43F4-418C-A206-37E4C0DB4481}.Release|Any CPU.ActiveCfg = Release|Any CPU
		{D9C2B02F-43F4-418C-A206-37E4C0DB4481}.Release|Any CPU.Build.0 = Release|Any CPU
	EndGlobalSection
	GlobalSection(SolutionProperties) = preSolution
		HideSolutionNode = FALSE
	EndGlobalSection
	GlobalSection(ExtensibilityGlobals) = postSolution
		SolutionGuid = {1CE3B909-6CC5-4B38-ADC9-02EBE828BDD9}
	EndGlobalSection
EndGlobal
